// !$*UTF8*$!
{
	archiveVersion = 1;
	classes = {
	};
	objectVersion = 50;
	objects = {

/* Begin PBXBuildFile section */
		DE6D6EA925B7845D0017400F /* AppDelegate.swift in Sources */ = {isa = PBXBuildFile; fileRef = DE6D6EA825B7845D0017400F /* AppDelegate.swift */; };
		DE6D6EAB25B7845D0017400F /* SceneDelegate.swift in Sources */ = {isa = PBXBuildFile; fileRef = DE6D6EAA25B7845D0017400F /* SceneDelegate.swift */; };
		DE6D6EAD25B7845D0017400F /* ViewController.swift in Sources */ = {isa = PBXBuildFile; fileRef = DE6D6EAC25B7845D0017400F /* ViewController.swift */; };
		DE6D6EB025B7845D0017400F /* Main.storyboard in Resources */ = {isa = PBXBuildFile; fileRef = DE6D6EAE25B7845D0017400F /* Main.storyboard */; };
		DE6D6EB225B7845E0017400F /* Assets.xcassets in Resources */ = {isa = PBXBuildFile; fileRef = DE6D6EB125B7845E0017400F /* Assets.xcassets */; };
		DE6D6EB525B7845E0017400F /* LaunchScreen.storyboard in Resources */ = {isa = PBXBuildFile; fileRef = DE6D6EB325B7845E0017400F /* LaunchScreen.storyboard */; };
		DE6D6EC025B7845F0017400F /* PreworkTests.swift in Sources */ = {isa = PBXBuildFile; fileRef = DE6D6EBF25B7845F0017400F /* PreworkTests.swift */; };
		DE6D6ECB25B7845F0017400F /* PreworkUITests.swift in Sources */ = {isa = PBXBuildFile; fileRef = DE6D6ECA25B7845F0017400F /* PreworkUITests.swift */; };
/* End PBXBuildFile section */

/* Begin PBXContainerItemProxy section */
		DE6D6EBC25B7845F0017400F /* PBXContainerItemProxy */ = {
			isa = PBXContainerItemProxy;
			containerPortal = DE6D6E9D25B7845D0017400F /* Project object */;
			proxyType = 1;
			remoteGlobalIDString = DE6D6EA425B7845D0017400F;
			remoteInfo = Prework;
		};
		DE6D6EC725B7845F0017400F /* PBXContainerItemProxy */ = {
			isa = PBXContainerItemProxy;
			containerPortal = DE6D6E9D25B7845D0017400F /* Project object */;
			proxyType = 1;
			remoteGlobalIDString = DE6D6EA425B7845D0017400F;
			remoteInfo = Prework;
		};
/* End PBXContainerItemProxy section */

/* Begin PBXFileReference section */
		DE6D6EA525B7845D0017400F /* Prework.app */ = {isa = PBXFileReference; explicitFileType = wrapper.application; includeInIndex = 0; path = Prework.app; sourceTree = BUILT_PRODUCTS_DIR; };
		DE6D6EA825B7845D0017400F /* AppDelegate.swift */ = {isa = PBXFileReference; lastKnownFileType = sourcecode.swift; path = AppDelegate.swift; sourceTree = "<group>"; };
		DE6D6EAA25B7845D0017400F /* SceneDelegate.swift */ = {isa = PBXFileReference; lastKnownFileType = sourcecode.swift; path = SceneDelegate.swift; sourceTree = "<group>"; };
		DE6D6EAC25B7845D0017400F /* ViewController.swift */ = {isa = PBXFileReference; lastKnownFileType = sourcecode.swift; path = ViewController.swift; sourceTree = "<group>"; };
		DE6D6EAF25B7845D0017400F /* Base */ = {isa = PBXFileReference; lastKnownFileType = file.storyboard; name = Base; path = Base.lproj/Main.storyboard; sourceTree = "<group>"; };
		DE6D6EB125B7845E0017400F /* Assets.xcassets */ = {isa = PBXFileReference; lastKnownFileType = folder.assetcatalog; path = Assets.xcassets; sourceTree = "<group>"; };
		DE6D6EB425B7845E0017400F /* Base */ = {isa = PBXFileReference; lastKnownFileType = file.storyboard; name = Base; path = Base.lproj/LaunchScreen.storyboard; sourceTree = "<group>"; };
		DE6D6EB625B7845E0017400F /* Info.plist */ = {isa = PBXFileReference; lastKnownFileType = text.plist.xml; path = Info.plist; sourceTree = "<group>"; };
		DE6D6EBB25B7845F0017400F /* PreworkTests.xctest */ = {isa = PBXFileReference; explicitFileType = wrapper.cfbundle; includeInIndex = 0; path = PreworkTests.xctest; sourceTree = BUILT_PRODUCTS_DIR; };
		DE6D6EBF25B7845F0017400F /* PreworkTests.swift */ = {isa = PBXFileReference; lastKnownFileType = sourcecode.swift; path = PreworkTests.swift; sourceTree = "<group>"; };
		DE6D6EC125B7845F0017400F /* Info.plist */ = {isa = PBXFileReference; lastKnownFileType = text.plist.xml; path = Info.plist; sourceTree = "<group>"; };
		DE6D6EC625B7845F0017400F /* PreworkUITests.xctest */ = {isa = PBXFileReference; explicitFileType = wrapper.cfbundle; includeInIndex = 0; path = PreworkUITests.xctest; sourceTree = BUILT_PRODUCTS_DIR; };
		DE6D6ECA25B7845F0017400F /* PreworkUITests.swift */ = {isa = PBXFileReference; lastKnownFileType = sourcecode.swift; path = PreworkUITests.swift; sourceTree = "<group>"; };
		DE6D6ECC25B7845F0017400F /* Info.plist */ = {isa = PBXFileReference; lastKnownFileType = text.plist.xml; path = Info.plist; sourceTree = "<group>"; };
/* End PBXFileReference section */

/* Begin PBXFrameworksBuildPhase section */
		DE6D6EA225B7845D0017400F /* Frameworks */ = {
			isa = PBXFrameworksBuildPhase;
			buildActionMask = 2147483647;
			files = (
			);
			runOnlyForDeploymentPostprocessing = 0;
		};
		DE6D6EB825B7845F0017400F /* Frameworks */ = {
			isa = PBXFrameworksBuildPhase;
			buildActionMask = 2147483647;
			files = (
			);
			runOnlyForDeploymentPostprocessing = 0;
		};
		DE6D6EC325B7845F0017400F /* Frameworks */ = {
			isa = PBXFrameworksBuildPhase;
			buildActionMask = 2147483647;
			files = (
			);
			runOnlyForDeploymentPostprocessing = 0;
		};
/* End PBXFrameworksBuildPhase section */

/* Begin PBXGroup section */
		DE6D6E9C25B7845D0017400F = {
			isa = PBXGroup;
			children = (
				DE6D6EA725B7845D0017400F /* Prework */,
				DE6D6EBE25B7845F0017400F /* PreworkTests */,
				DE6D6EC925B7845F0017400F /* PreworkUITests */,
				DE6D6EA625B7845D0017400F /* Products */,
			);
			sourceTree = "<group>";
		};
		DE6D6EA625B7845D0017400F /* Products */ = {
			isa = PBXGroup;
			children = (
				DE6D6EA525B7845D0017400F /* Prework.app */,
				DE6D6EBB25B7845F0017400F /* PreworkTests.xctest */,
				DE6D6EC625B7845F0017400F /* PreworkUITests.xctest */,
			);
			name = Products;
			sourceTree = "<group>";
		};
		DE6D6EA725B7845D0017400F /* Prework */ = {
			isa = PBXGroup;
			children = (
				DE6D6EA825B7845D0017400F /* AppDelegate.swift */,
				DE6D6EAA25B7845D0017400F /* SceneDelegate.swift */,
				DE6D6EAC25B7845D0017400F /* ViewController.swift */,
				DE6D6EAE25B7845D0017400F /* Main.storyboard */,
				DE6D6EB125B7845E0017400F /* Assets.xcassets */,
				DE6D6EB325B7845E0017400F /* LaunchScreen.storyboard */,
				DE6D6EB625B7845E0017400F /* Info.plist */,
			);
			path = Prework;
			sourceTree = "<group>";
		};
		DE6D6EBE25B7845F0017400F /* PreworkTests */ = {
			isa = PBXGroup;
			children = (
				DE6D6EBF25B7845F0017400F /* PreworkTests.swift */,
				DE6D6EC125B7845F0017400F /* Info.plist */,
			);
			path = PreworkTests;
			sourceTree = "<group>";
		};
		DE6D6EC925B7845F0017400F /* PreworkUITests */ = {
			isa = PBXGroup;
			children = (
				DE6D6ECA25B7845F0017400F /* PreworkUITests.swift */,
				DE6D6ECC25B7845F0017400F /* Info.plist */,
			);
			path = PreworkUITests;
			sourceTree = "<group>";
		};
/* End PBXGroup section */

/* Begin PBXNativeTarget section */
		DE6D6EA425B7845D0017400F /* Prework */ = {
			isa = PBXNativeTarget;
			buildConfigurationList = DE6D6ECF25B7845F0017400F /* Build configuration list for PBXNativeTarget "Prework" */;
			buildPhases = (
				DE6D6EA125B7845D0017400F /* Sources */,
				DE6D6EA225B7845D0017400F /* Frameworks */,
				DE6D6EA325B7845D0017400F /* Resources */,
			);
			buildRules = (
			);
			dependencies = (
			);
			name = Prework;
			productName = Prework;
			productReference = DE6D6EA525B7845D0017400F /* Prework.app */;
			productType = "com.apple.product-type.application";
		};
		DE6D6EBA25B7845F0017400F /* PreworkTests */ = {
			isa = PBXNativeTarget;
			buildConfigurationList = DE6D6ED225B7845F0017400F /* Build configuration list for PBXNativeTarget "PreworkTests" */;
			buildPhases = (
				DE6D6EB725B7845F0017400F /* Sources */,
				DE6D6EB825B7845F0017400F /* Frameworks */,
				DE6D6EB925B7845F0017400F /* Resources */,
			);
			buildRules = (
			);
			dependencies = (
				DE6D6EBD25B7845F0017400F /* PBXTargetDependency */,
			);
			name = PreworkTests;
			productName = PreworkTests;
			productReference = DE6D6EBB25B7845F0017400F /* PreworkTests.xctest */;
			productType = "com.apple.product-type.bundle.unit-test";
		};
		DE6D6EC525B7845F0017400F /* PreworkUITests */ = {
			isa = PBXNativeTarget;
			buildConfigurationList = DE6D6ED525B7845F0017400F /* Build configuration list for PBXNativeTarget "PreworkUITests" */;
			buildPhases = (
				DE6D6EC225B7845F0017400F /* Sources */,
				DE6D6EC325B7845F0017400F /* Frameworks */,
				DE6D6EC425B7845F0017400F /* Resources */,
			);
			buildRules = (
			);
			dependencies = (
				DE6D6EC825B7845F0017400F /* PBXTargetDependency */,
			);
			name = PreworkUITests;
			productName = PreworkUITests;
			productReference = DE6D6EC625B7845F0017400F /* PreworkUITests.xctest */;
			productType = "com.apple.product-type.bundle.ui-testing";
		};
/* End PBXNativeTarget section */

/* Begin PBXProject section */
		DE6D6E9D25B7845D0017400F /* Project object */ = {
			isa = PBXProject;
			attributes = {
				LastSwiftUpdateCheck = 1230;
				LastUpgradeCheck = 1230;
				TargetAttributes = {
					DE6D6EA425B7845D0017400F = {
						CreatedOnToolsVersion = 12.3;
					};
					DE6D6EBA25B7845F0017400F = {
						CreatedOnToolsVersion = 12.3;
						TestTargetID = DE6D6EA425B7845D0017400F;
					};
					DE6D6EC525B7845F0017400F = {
						CreatedOnToolsVersion = 12.3;
						TestTargetID = DE6D6EA425B7845D0017400F;
					};
				};
			};
			buildConfigurationList = DE6D6EA025B7845D0017400F /* Build configuration list for PBXProject "Prework" */;
			compatibilityVersion = "Xcode 9.3";
			developmentRegion = en;
			hasScannedForEncodings = 0;
			knownRegions = (
				en,
				Base,
			);
			mainGroup = DE6D6E9C25B7845D0017400F;
			productRefGroup = DE6D6EA625B7845D0017400F /* Products */;
			projectDirPath = "";
			projectRoot = "";
			targets = (
				DE6D6EA425B7845D0017400F /* Prework */,
				DE6D6EBA25B7845F0017400F /* PreworkTests */,
				DE6D6EC525B7845F0017400F /* PreworkUITests */,
			);
		};
/* End PBXProject section */

/* Begin PBXResourcesBuildPhase section */
		DE6D6EA325B7845D0017400F /* Resources */ = {
			isa = PBXResourcesBuildPhase;
			buildActionMask = 2147483647;
			files = (
				DE6D6EB525B7845E0017400F /* LaunchScreen.storyboard in Resources */,
				DE6D6EB225B7845E0017400F /* Assets.xcassets in Resources */,
				DE6D6EB025B7845D0017400F /* Main.storyboard in Resources */,
			);
			runOnlyForDeploymentPostprocessing = 0;
		};
		DE6D6EB925B7845F0017400F /* Resources */ = {
			isa = PBXResourcesBuildPhase;
			buildActionMask = 2147483647;
			files = (
			);
			runOnlyForDeploymentPostprocessing = 0;
		};
		DE6D6EC425B7845F0017400F /* Resources */ = {
			isa = PBXResourcesBuildPhase;
			buildActionMask = 2147483647;
			files = (
			);
			runOnlyForDeploymentPostprocessing = 0;
		};
/* End PBXResourcesBuildPhase section */

/* Begin PBXSourcesBuildPhase section */
		DE6D6EA125B7845D0017400F /* Sources */ = {
			isa = PBXSourcesBuildPhase;
			buildActionMask = 2147483647;
			files = (
				DE6D6EAD25B7845D0017400F /* ViewController.swift in Sources */,
				DE6D6EA925B7845D0017400F /* AppDelegate.swift in Sources */,
				DE6D6EAB25B7845D0017400F /* SceneDelegate.swift in Sources */,
			);
			runOnlyForDeploymentPostprocessing = 0;
		};
		DE6D6EB725B7845F0017400F /* Sources */ = {
			isa = PBXSourcesBuildPhase;
			buildActionMask = 2147483647;
			files = (
				DE6D6EC025B7845F0017400F /* PreworkTests.swift in Sources */,
			);
			runOnlyForDeploymentPostprocessing = 0;
		};
		DE6D6EC225B7845F0017400F /* Sources */ = {
			isa = PBXSourcesBuildPhase;
			buildActionMask = 2147483647;
			files = (
				DE6D6ECB25B7845F0017400F /* PreworkUITests.swift in Sources */,
			);
			runOnlyForDeploymentPostprocessing = 0;
		};
/* End PBXSourcesBuildPhase section */

/* Begin PBXTargetDependency section */
		DE6D6EBD25B7845F0017400F /* PBXTargetDependency */ = {
			isa = PBXTargetDependency;
			target = DE6D6EA425B7845D0017400F /* Prework */;
			targetProxy = DE6D6EBC25B7845F0017400F /* PBXContainerItemProxy */;
		};
		DE6D6EC825B7845F0017400F /* PBXTargetDependency */ = {
			isa = PBXTargetDependency;
			target = DE6D6EA425B7845D0017400F /* Prework */;
			targetProxy = DE6D6EC725B7845F0017400F /* PBXContainerItemProxy */;
		};
/* End PBXTargetDependency section */

/* Begin PBXVariantGroup section */
		DE6D6EAE25B7845D0017400F /* Main.storyboard */ = {
			isa = PBXVariantGroup;
			children = (
				DE6D6EAF25B7845D0017400F /* Base */,
			);
			name = Main.storyboard;
			sourceTree = "<group>";
		};
		DE6D6EB325B7845E0017400F /* LaunchScreen.storyboard */ = {
			isa = PBXVariantGroup;
			children = (
				DE6D6EB425B7845E0017400F /* Base */,
			);
			name = LaunchScreen.storyboard;
			sourceTree = "<group>";
		};
/* End PBXVariantGroup section */

/* Begin XCBuildConfiguration section */
		DE6D6ECD25B7845F0017400F /* Debug */ = {
			isa = XCBuildConfiguration;
			buildSettings = {
				ALWAYS_SEARCH_USER_PATHS = NO;
				CLANG_ANALYZER_NONNULL = YES;
				CLANG_ANALYZER_NUMBER_OBJECT_CONVERSION = YES_AGGRESSIVE;
				CLANG_CXX_LANGUAGE_STANDARD = "gnu++14";
				CLANG_CXX_LIBRARY = "libc++";
				CLANG_ENABLE_MODULES = YES;
				CLANG_ENABLE_OBJC_ARC = YES;
				CLANG_ENABLE_OBJC_WEAK = YES;
				CLANG_WARN_BLOCK_CAPTURE_AUTORELEASING = YES;
				CLANG_WARN_BOOL_CONVERSION = YES;
				CLANG_WARN_COMMA = YES;
				CLANG_WARN_CONSTANT_CONVERSION = YES;
				CLANG_WARN_DEPRECATED_OBJC_IMPLEMENTATIONS = YES;
				CLANG_WARN_DIRECT_OBJC_ISA_USAGE = YES_ERROR;
				CLANG_WARN_DOCUMENTATION_COMMENTS = YES;
				CLANG_WARN_EMPTY_BODY = YES;
				CLANG_WARN_ENUM_CONVERSION = YES;
				CLANG_WARN_INFINITE_RECURSION = YES;
				CLANG_WARN_INT_CONVERSION = YES;
				CLANG_WARN_NON_LITERAL_NULL_CONVERSION = YES;
				CLANG_WARN_OBJC_IMPLICIT_RETAIN_SELF = YES;
				CLANG_WARN_OBJC_LITERAL_CONVERSION = YES;
				CLANG_WARN_OBJC_ROOT_CLASS = YES_ERROR;
				CLANG_WARN_QUOTED_INCLUDE_IN_FRAMEWORK_HEADER = YES;
				CLANG_WARN_RANGE_LOOP_ANALYSIS = YES;
				CLANG_WARN_STRICT_PROTOTYPES = YES;
				CLANG_WARN_SUSPICIOUS_MOVE = YES;
				CLANG_WARN_UNGUARDED_AVAILABILITY = YES_AGGRESSIVE;
				CLANG_WARN_UNREACHABLE_CODE = YES;
				CLANG_WARN__DUPLICATE_METHOD_MATCH = YES;
				COPY_PHASE_STRIP = NO;
				DEBUG_INFORMATION_FORMAT = dwarf;
				ENABLE_STRICT_OBJC_MSGSEND = YES;
				ENABLE_TESTABILITY = YES;
				GCC_C_LANGUAGE_STANDARD = gnu11;
				GCC_DYNAMIC_NO_PIC = NO;
				GCC_NO_COMMON_BLOCKS = YES;
				GCC_OPTIMIZATION_LEVEL = 0;
				GCC_PREPROCESSOR_DEFINITIONS = (
					"DEBUG=1",
					"$(inherited)",
				);
				GCC_WARN_64_TO_32_BIT_CONVERSION = YES;
				GCC_WARN_ABOUT_RETURN_TYPE = YES_ERROR;
				GCC_WARN_UNDECLARED_SELECTOR = YES;
				GCC_WARN_UNINITIALIZED_AUTOS = YES_AGGRESSIVE;
				GCC_WARN_UNUSED_FUNCTION = YES;
				GCC_WARN_UNUSED_VARIABLE = YES;
				IPHONEOS_DEPLOYMENT_TARGET = 14.3;
				MTL_ENABLE_DEBUG_INFO = INCLUDE_SOURCE;
				MTL_FAST_MATH = YES;
				ONLY_ACTIVE_ARCH = YES;
				SDKROOT = iphoneos;
				SWIFT_ACTIVE_COMPILATION_CONDITIONS = DEBUG;
				SWIFT_OPTIMIZATION_LEVEL = "-Onone";
			};
			name = Debug;
		};
		DE6D6ECE25B7845F0017400F /* Release */ = {
			isa = XCBuildConfiguration;
			buildSettings = {
				ALWAYS_SEARCH_USER_PATHS = NO;
				CLANG_ANALYZER_NONNULL = YES;
				CLANG_ANALYZER_NUMBER_OBJECT_CONVERSION = YES_AGGRESSIVE;
				CLANG_CXX_LANGUAGE_STANDARD = "gnu++14";
				CLANG_CXX_LIBRARY = "libc++";
				CLANG_ENABLE_MODULES = YES;
				CLANG_ENABLE_OBJC_ARC = YES;
				CLANG_ENABLE_OBJC_WEAK = YES;
				CLANG_WARN_BLOCK_CAPTURE_AUTORELEASING = YES;
				CLANG_WARN_BOOL_CONVERSION = YES;
				CLANG_WARN_COMMA = YES;
				CLANG_WARN_CONSTANT_CONVERSION = YES;
				CLANG_WARN_DEPRECATED_OBJC_IMPLEMENTATIONS = YES;
				CLANG_WARN_DIRECT_OBJC_ISA_USAGE = YES_ERROR;
				CLANG_WARN_DOCUMENTATION_COMMENTS = YES;
				CLANG_WARN_EMPTY_BODY = YES;
				CLANG_WARN_ENUM_CONVERSION = YES;
				CLANG_WARN_INFINITE_RECURSION = YES;
				CLANG_WARN_INT_CONVERSION = YES;
				CLANG_WARN_NON_LITERAL_NULL_CONVERSION = YES;
				CLANG_WARN_OBJC_IMPLICIT_RETAIN_SELF = YES;
				CLANG_WARN_OBJC_LITERAL_CONVERSION = YES;
				CLANG_WARN_OBJC_ROOT_CLASS = YES_ERROR;
				CLANG_WARN_QUOTED_INCLUDE_IN_FRAMEWORK_HEADER = YES;
				CLANG_WARN_RANGE_LOOP_ANALYSIS = YES;
				CLANG_WARN_STRICT_PROTOTYPES = YES;
				CLANG_WARN_SUSPICIOUS_MOVE = YES;
				CLANG_WARN_UNGUARDED_AVAILABILITY = YES_AGGRESSIVE;
				CLANG_WARN_UNREACHABLE_CODE = YES;
				CLANG_WARN__DUPLICATE_METHOD_MATCH = YES;
				COPY_PHASE_STRIP = NO;
				DEBUG_INFORMATION_FORMAT = "dwarf-with-dsym";
				ENABLE_NS_ASSERTIONS = NO;
				ENABLE_STRICT_OBJC_MSGSEND = YES;
				GCC_C_LANGUAGE_STANDARD = gnu11;
				GCC_NO_COMMON_BLOCKS = YES;
				GCC_WARN_64_TO_32_BIT_CONVERSION = YES;
				GCC_WARN_ABOUT_RETURN_TYPE = YES_ERROR;
				GCC_WARN_UNDECLARED_SELECTOR = YES;
				GCC_WARN_UNINITIALIZED_AUTOS = YES_AGGRESSIVE;
				GCC_WARN_UNUSED_FUNCTION = YES;
				GCC_WARN_UNUSED_VARIABLE = YES;
				IPHONEOS_DEPLOYMENT_TARGET = 14.3;
				MTL_ENABLE_DEBUG_INFO = NO;
				MTL_FAST_MATH = YES;
				SDKROOT = iphoneos;
				SWIFT_COMPILATION_MODE = wholemodule;
				SWIFT_OPTIMIZATION_LEVEL = "-O";
				VALIDATE_PRODUCT = YES;
			};
			name = Release;
		};
		DE6D6ED025B7845F0017400F /* Debug */ = {
			isa = XCBuildConfiguration;
			buildSettings = {
				ASSETCATALOG_COMPILER_APPICON_NAME = AppIcon;
				ASSETCATALOG_COMPILER_GLOBAL_ACCENT_COLOR_NAME = AccentColor;
				CODE_SIGN_STYLE = Automatic;
				INFOPLIST_FILE = Prework/Info.plist;
				LD_RUNPATH_SEARCH_PATHS = (
					"$(inherited)",
					"@executable_path/Frameworks",
				);
				PRODUCT_BUNDLE_IDENTIFIER = GroupZ.Prework;
				PRODUCT_NAME = "$(TARGET_NAME)";
				SWIFT_VERSION = 5.0;
				TARGETED_DEVICE_FAMILY = "1,2";
			};
			name = Debug;
		};
		DE6D6ED125B7845F0017400F /* Release */ = {
			isa = XCBuildConfiguration;
			buildSettings = {
				ASSETCATALOG_COMPILER_APPICON_NAME = AppIcon;
				ASSETCATALOG_COMPILER_GLOBAL_ACCENT_COLOR_NAME = AccentColor;
				CODE_SIGN_STYLE = Automatic;
				INFOPLIST_FILE = Prework/Info.plist;
				LD_RUNPATH_SEARCH_PATHS = (
					"$(inherited)",
					"@executable_path/Frameworks",
				);
				PRODUCT_BUNDLE_IDENTIFIER = GroupZ.Prework;
				PRODUCT_NAME = "$(TARGET_NAME)";
				SWIFT_VERSION = 5.0;
				TARGETED_DEVICE_FAMILY = "1,2";
			};
			name = Release;
		};
		DE6D6ED325B7845F0017400F /* Debug */ = {
			isa = XCBuildConfiguration;
			buildSettings = {
				ALWAYS_EMBED_SWIFT_STANDARD_LIBRARIES = YES;
				BUNDLE_LOADER = "$(TEST_HOST)";
				CODE_SIGN_STYLE = Automatic;
				INFOPLIST_FILE = PreworkTests/Info.plist;
				IPHONEOS_DEPLOYMENT_TARGET = 14.3;
				LD_RUNPATH_SEARCH_PATHS = (
					"$(inherited)",
					"@executable_path/Frameworks",
					"@loader_path/Frameworks",
				);
				PRODUCT_BUNDLE_IDENTIFIER = GroupZ.PreworkTests;
				PRODUCT_NAME = "$(TARGET_NAME)";
				SWIFT_VERSION = 5.0;
				TARGETED_DEVICE_FAMILY = "1,2";
				TEST_HOST = "$(BUILT_PRODUCTS_DIR)/Prework.app/Prework";
			};
			name = Debug;
		};
		DE6D6ED425B7845F0017400F /* Release */ = {
			isa = XCBuildConfiguration;
			buildSettings = {
				ALWAYS_EMBED_SWIFT_STANDARD_LIBRARIES = YES;
				BUNDLE_LOADER = "$(TEST_HOST)";
				CODE_SIGN_STYLE = Automatic;
				INFOPLIST_FILE = PreworkTests/Info.plist;
				IPHONEOS_DEPLOYMENT_TARGET = 14.3;
				LD_RUNPATH_SEARCH_PATHS = (
					"$(inherited)",
					"@executable_path/Frameworks",
					"@loader_path/Frameworks",
				);
				PRODUCT_BUNDLE_IDENTIFIER = GroupZ.PreworkTests;
				PRODUCT_NAME = "$(TARGET_NAME)";
				SWIFT_VERSION = 5.0;
				TARGETED_DEVICE_FAMILY = "1,2";
				TEST_HOST = "$(BUILT_PRODUCTS_DIR)/Prework.app/Prework";
			};
			name = Release;
		};
		DE6D6ED625B7845F0017400F /* Debug */ = {
			isa = XCBuildConfiguration;
			buildSettings = {
				ALWAYS_EMBED_SWIFT_STANDARD_LIBRARIES = YES;
				CODE_SIGN_STYLE = Automatic;
				INFOPLIST_FILE = PreworkUITests/Info.plist;
				LD_RUNPATH_SEARCH_PATHS = (
					"$(inherited)",
					"@executable_path/Frameworks",
					"@loader_path/Frameworks",
				);
				PRODUCT_BUNDLE_IDENTIFIER = GroupZ.PreworkUITests;
				PRODUCT_NAME = "$(TARGET_NAME)";
				SWIFT_VERSION = 5.0;
				TARGETED_DEVICE_FAMILY = "1,2";
				TEST_TARGET_NAME = Prework;
			};
			name = Debug;
		};
		DE6D6ED725B7845F0017400F /* Release */ = {
			isa = XCBuildConfiguration;
			buildSettings = {
				ALWAYS_EMBED_SWIFT_STANDARD_LIBRARIES = YES;
				CODE_SIGN_STYLE = Automatic;
				INFOPLIST_FILE = PreworkUITests/Info.plist;
				LD_RUNPATH_SEARCH_PATHS = (
					"$(inherited)",
					"@executable_path/Frameworks",
					"@loader_path/Frameworks",
				);
				PRODUCT_BUNDLE_IDENTIFIER = GroupZ.PreworkUITests;
				PRODUCT_NAME = "$(TARGET_NAME)";
				SWIFT_VERSION = 5.0;
				TARGETED_DEVICE_FAMILY = "1,2";
				TEST_TARGET_NAME = Prework;
			};
			name = Release;
		};
/* End XCBuildConfiguration section */

/* Begin XCConfigurationList section */
		DE6D6EA025B7845D0017400F /* Build configuration list for PBXProject "Prework" */ = {
			isa = XCConfigurationList;
			buildConfigurations = (
				DE6D6ECD25B7845F0017400F /* Debug */,
				DE6D6ECE25B7845F0017400F /* Release */,
			);
			defaultConfigurationIsVisible = 0;
			defaultConfigurationName = Release;
		};
		DE6D6ECF25B7845F0017400F /* Build configuration list for PBXNativeTarget "Prework" */ = {
			isa = XCConfigurationList;
			buildConfigurations = (
				DE6D6ED025B7845F0017400F /* Debug */,
				DE6D6ED125B7845F0017400F /* Release */,
			);
			defaultConfigurationIsVisible = 0;
			defaultConfigurationName = Release;
		};
		DE6D6ED225B7845F0017400F /* Build configuration list for PBXNativeTarget "PreworkTests" */ = {
			isa = XCConfigurationList;
			buildConfigurations = (
				DE6D6ED325B7845F0017400F /* Debug */,
				DE6D6ED425B7845F0017400F /* Release */,
			);
			defaultConfigurationIsVisible = 0;
			defaultConfigurationName = Release;
		};
		DE6D6ED525B7845F0017400F /* Build configuration list for PBXNativeTarget "PreworkUITests" */ = {
			isa = XCConfigurationList;
			buildConfigurations = (
				DE6D6ED625B7845F0017400F /* Debug */,
				DE6D6ED725B7845F0017400F /* Release */,
			);
			defaultConfigurationIsVisible = 0;
			defaultConfigurationName = Release;
		};
/* End XCConfigurationList section */
	};
	rootObject = DE6D6E9D25B7845D0017400F /* Project object */;
}
